
Microsoft Visual Studio Solution File, Format Version 12.00
# Visual Studio Version 16
VisualStudioVersion = 16.0.31019.35
MinimumVisualStudioVersion = 10.0.40219.1
Project("{FAE04EC0-301F-11D3-BF4B-00C04F79EFBC}") = "UC4_snakeandladeer", "UC4_snakeandladeer\UC4_snakeandladeer.csproj", "{BD3AF631-1C29-4329-AF63-CE5ED0DC713D}"
EndProject
Global
	GlobalSection(SolutionConfigurationPlatforms) = preSolution
		Debug|Any CPU = Debug|Any CPU
		Release|Any CPU = Release|Any CPU
	EndGlobalSection
	GlobalSection(ProjectConfigurationPlatforms) = postSolution
		{BD3AF631-1C29-4329-AF63-CE5ED0DC713D}.Debug|Any CPU.ActiveCfg = Debug|Any CPU
		{BD3AF631-1C29-4329-AF63-CE5ED0DC713D}.Debug|Any CPU.Build.0 = Debug|Any CPU
		{BD3AF631-1C29-4329-AF63-CE5ED0DC713D}.Release|Any CPU.ActiveCfg = Release|Any CPU
		{BD3AF631-1C29-4329-AF63-CE5ED0DC713D}.Release|Any CPU.Build.0 = Release|Any CPU
	EndGlobalSection
	GlobalSection(SolutionProperties) = preSolution
		HideSolutionNode = FALSE
	EndGlobalSection
	GlobalSection(ExtensibilityGlobals) = postSolution
		SolutionGuid = {807B4D5E-0F76-437A-8C65-124650AC2E31}
	EndGlobalSection
EndGlobal
